<?xml version="1.0" encoding="utf-8"?>
<Project ToolsVersion="4.0" xmlns="http://schemas.microsoft.com/developer/msbuild/2003">
  <ItemGroup>
    <Filter Include="Source Files">
      <UniqueIdentifier>{4FC737F1-C7A5-4376-A066-2A32D752A2FF}</UniqueIdentifier>
      <Extensions>cpp;c;cc;cxx;def;odl;idl;hpj;bat;asm;asmx</Extensions>
    </Filter>
    <Filter Include="Header Files">
      <UniqueIdentifier>{93995380-89BD-4b04-88EB-625FBE52EBFB}</UniqueIdentifier>
      <Extensions>h;hh;hpp;hxx;hm;inl;inc;xsd</Extensions>
    </Filter>
    <Filter Include="Resource Files">
      <UniqueIdentifier>{67DA6AB6-F800-4c08-8B7A-83BB121AAD01}</UniqueIdentifier>
      <Extensions>rc;ico;cur;bmp;dlg;rc2;rct;bin;rgs;gif;jpg;jpeg;jpe;resx;tiff;tif;png;wav;mfcribbon-ms</Extensions>
    </Filter>
    <Filter Include="Header Files\Lighting">
      <UniqueIdentifier>{148567dd-e9be-4ef8-98af-dc01daf71ee7}</UniqueIdentifier>
    </Filter>
    <Filter Include="Source Files\Lighting">
      <UniqueIdentifier>{b33836fc-437d-4c97-8550-ded19ca982c7}</UniqueIdentifier>
    </Filter>
    <Filter Include="Resource Files\Lighting">
      <UniqueIdentifier>{99a58f0c-ebbc-450d-be66-299809f136b3}</UniqueIdentifier>
    </Filter>
    <Filter Include="Resource Files\Lighting\DepthPass">
      <UniqueIdentifier>{dcdba8f4-cded-4739-bb7c-32af7486396a}</UniqueIdentifier>
    </Filter>
    <Filter Include="Resource Files\Lighting\Light + Shadows">
      <UniqueIdentifier>{f6eed908-84cb-43a6-87ec-20efe307e72c}</UniqueIdentifier>
    </Filter>
    <Filter Include="Resource Files\Basic">
      <UniqueIdentifier>{7d45691f-19a7-4b54-b45a-025554d8bfb6}</UniqueIdentifier>
    </Filter>
    <Filter Include="Header Files\Basic">
      <UniqueIdentifier>{89df576a-33df-4f81-99cc-02110ca84ad6}</UniqueIdentifier>
    </Filter>
    <Filter Include="Resource Files\Tessellation">
      <UniqueIdentifier>{38275559-4db8-41e5-8908-92647fed9fb0}</UniqueIdentifier>
    </Filter>
    <Filter Include="Header Files\Tessellation">
      <UniqueIdentifier>{d8b6d717-6799-435b-871c-bc97debc6b0b}</UniqueIdentifier>
    </Filter>
    <Filter Include="Source Files\Tessellation">
      <UniqueIdentifier>{af0ddd4b-1c0f-4770-93b5-9f0ca74e63b4}</UniqueIdentifier>
    </Filter>
    <Filter Include="Source Files\Basic">
      <UniqueIdentifier>{48a9edd7-510c-4c83-b37b-f1e8fbe59bf4}</UniqueIdentifier>
    </Filter>
    <Filter Include="Resource Files\Debug">
      <UniqueIdentifier>{3bb3ed13-9414-45f3-a6de-edba303d84da}</UniqueIdentifier>
    </Filter>
    <Filter Include="Header Files\Debug">
      <UniqueIdentifier>{8bf476d8-7f81-4818-a5fa-d7236811df65}</UniqueIdentifier>
    </Filter>
    <Filter Include="Source Files\Debug">
      <UniqueIdentifier>{a469eb96-79b8-4289-b401-27759a81b30d}</UniqueIdentifier>
    </Filter>
    <Filter Include="Resource Files\Tessellation\Debug">
      <UniqueIdentifier>{104b0352-7e85-4f66-a7b7-3332ee180634}</UniqueIdentifier>
    </Filter>
    <Filter Include="Resource Files\Tessellation\Terrain">
      <UniqueIdentifier>{81b387e1-a331-48f5-9847-5e4776dd293c}</UniqueIdentifier>
    </Filter>
    <Filter Include="Resource Files\Tessellation\Model">
      <UniqueIdentifier>{6252e9d6-c62a-46aa-91ca-d2c12000e99f}</UniqueIdentifier>
    </Filter>
    <Filter Include="Header Files\Compute">
      <UniqueIdentifier>{1e86f8cd-2db4-438f-b78c-8d744f3625e5}</UniqueIdentifier>
    </Filter>
    <Filter Include="Source Files\Compute">
      <UniqueIdentifier>{8ed44270-6077-43b8-8815-00cb1b4f2c0b}</UniqueIdentifier>
    </Filter>
    <Filter Include="Resource Files\Compute">
      <UniqueIdentifier>{656fcba0-dfc6-4d19-9762-52489b2b7ecb}</UniqueIdentifier>
    </Filter>
  </ItemGroup>
  <ItemGroup>
    <ClCompile Include="Main.cpp">
      <Filter>Source Files</Filter>
    </ClCompile>
    <ClCompile Include="DepthShader.cpp">
      <Filter>Source Files\Lighting</Filter>
    </ClCompile>
    <ClCompile Include="ShadowShader.cpp">
      <Filter>Source Files\Lighting</Filter>
    </ClCompile>
    <ClCompile Include="TextureShader.cpp">
      <Filter>Source Files\Basic</Filter>
    </ClCompile>
    <ClCompile Include="App1.cpp">
      <Filter>Source Files</Filter>
    </ClCompile>
    <ClCompile Include="PlaneTessellationShader.cpp">
      <Filter>Source Files\Tessellation</Filter>
    </ClCompile>
    <ClCompile Include="TerrainMesh.cpp">
      <Filter>Source Files\Tessellation</Filter>
    </ClCompile>
    <ClCompile Include="LightDebugShader.cpp">
      <Filter>Source Files\Debug</Filter>
    </ClCompile>
    <ClCompile Include="DebugNormalsShader.cpp">
      <Filter>Source Files\Debug</Filter>
    </ClCompile>
    <ClCompile Include="PlaneTessellationColourShader.cpp">
      <Filter>Source Files\Debug</Filter>
    </ClCompile>
    <ClCompile Include="PlaneTessellationTextureShader.cpp">
      <Filter>Source Files\Debug</Filter>
    </ClCompile>
    <ClCompile Include="DepthTerrainTessShader.cpp">
      <Filter>Source Files\Lighting</Filter>
    </ClCompile>
    <ClCompile Include="ModelTessellationShader.cpp">
      <Filter>Source Files\Tessellation</Filter>
    </ClCompile>
    <ClCompile Include="DepthModelTessShader.cpp">
      <Filter>Source Files\Lighting</Filter>
    </ClCompile>
    <ClCompile Include="HoriBlurCompute.cpp">
      <Filter>Source Files\Compute</Filter>
    </ClCompile>
    <ClCompile Include="VertBlurCompute.cpp">
      <Filter>Source Files\Compute</Filter>
    </ClCompile>
    <ClCompile Include="BloomThresholdCompute.cpp">
      <Filter>Source Files\Compute</Filter>
    </ClCompile>
    <ClCompile Include="BloomCombineCompute.cpp">
      <Filter>Source Files\Compute</Filter>
    </ClCompile>
  </ItemGroup>
  <ItemGroup>
    <ClInclude Include="App1.h">
      <Filter>Header Files</Filter>
    </ClInclude>
    <ClInclude Include="ShadowShader.h">
      <Filter>Header Files\Lighting</Filter>
    </ClInclude>
    <ClInclude Include="DepthShader.h">
      <Filter>Header Files\Lighting</Filter>
    </ClInclude>
    <ClInclude Include="TextureShader.h">
      <Filter>Header Files\Basic</Filter>
    </ClInclude>
    <ClInclude Include="PlaneTessellationShader.h">
      <Filter>Header Files\Tessellation</Filter>
    </ClInclude>
    <ClInclude Include="TerrainMesh.h">
      <Filter>Header Files\Tessellation</Filter>
    </ClInclude>
    <ClInclude Include="LightDebugShader.h">
      <Filter>Header Files\Debug</Filter>
    </ClInclude>
    <ClInclude Include="DebugNormalsShader.h">
      <Filter>Header Files\Debug</Filter>
    </ClInclude>
    <ClInclude Include="PlaneTessellationColourShader.h">
      <Filter>Header Files\Debug</Filter>
    </ClInclude>
    <ClInclude Include="PlaneTessellationTextureShader.h">
      <Filter>Header Files\Debug</Filter>
    </ClInclude>
    <ClInclude Include="DepthTerrainTessShader.h">
      <Filter>Header Files\Lighting</Filter>
    </ClInclude>
    <ClInclude Include="ModelTessellationShader.h">
      <Filter>Header Files\Tessellation</Filter>
    </ClInclude>
    <ClInclude Include="DepthModelTessShader.h">
      <Filter>Header Files\Lighting</Filter>
    </ClInclude>
    <ClInclude Include="VertBlurCompute.h">
      <Filter>Header Files\Compute</Filter>
    </ClInclude>
    <ClInclude Include="HoriBlurCompute.h">
      <Filter>Header Files\Compute</Filter>
    </ClInclude>
    <ClInclude Include="BloomThresholdCompute.h">
      <Filter>Header Files\Compute</Filter>
    </ClInclude>
    <ClInclude Include="BloomCombineCompute.h">
      <Filter>Header Files\Compute</Filter>
    </ClInclude>
  </ItemGroup>
  <ItemGroup>
    <FxCompile Include="shaders\depth_vs.hlsl">
      <Filter>Resource Files\Lighting\DepthPass</Filter>
    </FxCompile>
    <FxCompile Include="shaders\depth_ps.hlsl">
      <Filter>Resource Files\Lighting\DepthPass</Filter>
    </FxCompile>
    <FxCompile Include="shaders\light_debug_vs.hlsl">
      <Filter>Resource Files\Debug</Filter>
    </FxCompile>
    <FxCompile Include="shaders\light_debug_ps.hlsl">
      <Filter>Resource Files\Debug</Filter>
    </FxCompile>
    <FxCompile Include="shaders\shadow_ps.hlsl">
      <Filter>Resource Files\Lighting\Light + Shadows</Filter>
    </FxCompile>
    <FxCompile Include="shaders\shadow_vs.hlsl">
      <Filter>Resource Files\Lighting\Light + Shadows</Filter>
    </FxCompile>
    <FxCompile Include="shaders\texture_vs.hlsl">
      <Filter>Resource Files\Basic</Filter>
    </FxCompile>
    <FxCompile Include="shaders\texture_ps.hlsl">
      <Filter>Resource Files\Basic</Filter>
    </FxCompile>
    <FxCompile Include="shaders\debug_normals_gs.hlsl">
      <Filter>Resource Files\Debug</Filter>
    </FxCompile>
    <FxCompile Include="shaders\debug_normals_ps.hlsl">
      <Filter>Resource Files\Debug</Filter>
    </FxCompile>
    <FxCompile Include="shaders\debug_normals_vs.hlsl">
      <Filter>Resource Files\Debug</Filter>
    </FxCompile>
    <FxCompile Include="shaders\tessellation_colour_vs.hlsl">
      <Filter>Resource Files\Tessellation\Debug</Filter>
    </FxCompile>
    <FxCompile Include="shaders\tessellation_colour_ds.hlsl">
      <Filter>Resource Files\Tessellation\Debug</Filter>
    </FxCompile>
    <FxCompile Include="shaders\tessellation_colour_hs.hlsl">
      <Filter>Resource Files\Tessellation\Debug</Filter>
    </FxCompile>
    <FxCompile Include="shaders\tessellation_colour_ps.hlsl">
      <Filter>Resource Files\Tessellation\Debug</Filter>
    </FxCompile>
    <FxCompile Include="shaders\tessellation_texture_ds.hlsl">
      <Filter>Resource Files\Tessellation\Debug</Filter>
    </FxCompile>
    <FxCompile Include="shaders\tessellation_texture_hs.hlsl">
      <Filter>Resource Files\Tessellation\Debug</Filter>
    </FxCompile>
    <FxCompile Include="shaders\tessellation_texture_ps.hlsl">
      <Filter>Resource Files\Tessellation\Debug</Filter>
    </FxCompile>
    <FxCompile Include="shaders\tessellation_texture_vs.hlsl">
      <Filter>Resource Files\Tessellation\Debug</Filter>
    </FxCompile>
    <FxCompile Include="shaders\tessellation_terrain_depth_ds.hlsl">
      <Filter>Resource Files\Lighting\DepthPass</Filter>
    </FxCompile>
    <FxCompile Include="shaders\tessellation_terrain_vs.hlsl">
      <Filter>Resource Files\Tessellation\Terrain</Filter>
    </FxCompile>
    <FxCompile Include="shaders\tessellation_terrain_ds.hlsl">
      <Filter>Resource Files\Tessellation\Terrain</Filter>
    </FxCompile>
    <FxCompile Include="shaders\tessellation_terrain_feven_hs.hlsl">
      <Filter>Resource Files\Tessellation\Terrain</Filter>
    </FxCompile>
    <FxCompile Include="shaders\tessellation_terrain_fodd_hs.hlsl">
      <Filter>Resource Files\Tessellation\Terrain</Filter>
    </FxCompile>
    <FxCompile Include="shaders\tessellation_terrain_integer_hs.hlsl">
      <Filter>Resource Files\Tessellation\Terrain</Filter>
    </FxCompile>
    <FxCompile Include="shaders\tessellation_terrain_ps.hlsl">
      <Filter>Resource Files\Tessellation\Terrain</Filter>
    </FxCompile>
    <FxCompile Include="shaders\tessellation_model_ds.hlsl">
      <Filter>Resource Files\Tessellation\Model</Filter>
    </FxCompile>
    <FxCompile Include="shaders\tessellation_model_fodd_hs.hlsl">
      <Filter>Resource Files\Tessellation\Model</Filter>
    </FxCompile>
    <FxCompile Include="shaders\tessellation_model_ps.hlsl">
      <Filter>Resource Files\Tessellation\Model</Filter>
    </FxCompile>
    <FxCompile Include="shaders\tessellation_model_vs.hlsl">
      <Filter>Resource Files\Tessellation\Model</Filter>
    </FxCompile>
    <FxCompile Include="tessellation_model_depth_ds.hlsl">
      <Filter>Resource Files\Lighting\DepthPass</Filter>
    </FxCompile>
    <FxCompile Include="shaders\blur_horizontal_cs.hlsl">
      <Filter>Resource Files\Compute</Filter>
    </FxCompile>
    <FxCompile Include="shaders\blur_vertical_cs.hlsl">
      <Filter>Resource Files\Compute</Filter>
    </FxCompile>
    <FxCompile Include="bloom_threshold_cs.hlsl">
      <Filter>Resource Files\Compute</Filter>
    </FxCompile>
    <FxCompile Include="bloom_combine_cs.hlsl">
      <Filter>Resource Files\Compute</Filter>
    </FxCompile>
  </ItemGroup>
</Project>